
Microsoft Visual Studio Solution File, Format Version 12.00
# Visual Studio Version 16
VisualStudioVersion = 16.0.29411.108
MinimumVisualStudioVersion = 10.0.40219.1
Project("{FAE04EC0-301F-11D3-BF4B-00C04F79EFBC}") = "CorreiosApp", "CorreiosApp\CorreiosApp.csproj", "{70346AA9-FA70-4746-B272-E3B435EEF659}"
EndProject
Global
	GlobalSection(SolutionConfigurationPlatforms) = preSolution
		Debug|Any CPU = Debug|Any CPU
		Release|Any CPU = Release|Any CPU
	EndGlobalSection
	GlobalSection(ProjectConfigurationPlatforms) = postSolution
		{70346AA9-FA70-4746-B272-E3B435EEF659}.Debug|Any CPU.ActiveCfg = Debug|Any CPU
		{70346AA9-FA70-4746-B272-E3B435EEF659}.Debug|Any CPU.Build.0 = Debug|Any CPU
		{70346AA9-FA70-4746-B272-E3B435EEF659}.Release|Any CPU.ActiveCfg = Release|Any CPU
		{70346AA9-FA70-4746-B272-E3B435EEF659}.Release|Any CPU.Build.0 = Release|Any CPU
	EndGlobalSection
	GlobalSection(SolutionProperties) = preSolution
		HideSolutionNode = FALSE
	EndGlobalSection
	GlobalSection(ExtensibilityGlobals) = postSolution
		SolutionGuid = {719FE8ED-4208-4230-BA6A-A42ECEC6BA71}
	EndGlobalSection
EndGlobal
